
Microsoft Visual Studio Solution File, Format Version 12.00
# Visual Studio Version 17
VisualStudioVersion = 17.7.34031.279
MinimumVisualStudioVersion = 10.0.40219.1
Project("{9A19103F-16F7-4668-BE54-9A1E7A4F7556}") = "PersonnelWebApp", "PersonnelWebApp\PersonnelWebApp.csproj", "{007C1A44-5195-4486-897C-36864EE23A36}"
EndProject
Project("{9A19103F-16F7-4668-BE54-9A1E7A4F7556}") = "Payroll.Models", "Models\Payroll.Models.csproj", "{F4042251-A53E-459E-BFD2-F5D7B7F92D79}"
EndProject
Project("{9A19103F-16F7-4668-BE54-9A1E7A4F7556}") = "Payroll.Data", "Payroll.Data\Payroll.Data.csproj", "{DCFE5685-62DA-4370-91BD-FE072091988E}"
EndProject
Project("{9A19103F-16F7-4668-BE54-9A1E7A4F7556}") = "Payroll.Services", "Payroll.Services\Payroll.Services.csproj", "{E80906D9-173D-4F6E-AE08-EE832649BDF6}"
EndProject
Project("{9A19103F-16F7-4668-BE54-9A1E7A4F7556}") = "Payroll.ModelsDto", "Payroll.ModelsDto\Payroll.ModelsDto.csproj", "{568ADC95-0424-46D2-A270-245F02873C63}"
EndProject
Project("{9A19103F-16F7-4668-BE54-9A1E7A4F7556}") = "Payroll.Mapper", "Payroll.Mapper\Payroll.Mapper.csproj", "{D16B465A-483D-4898-9378-CD8442A11D9F}"
EndProject
Project("{9A19103F-16F7-4668-BE54-9A1E7A4F7556}") = "WebConsoleAppPersonnel", "TestPersonnel\WebConsoleAppPersonnel.csproj", "{2D67923F-2FCA-489F-8D09-11D42837DC31}"
EndProject
Project("{2150E333-8FDC-42A3-9474-1A3956D46DE8}") = "Solution Items", "Solution Items", "{7296813D-3227-4386-9515-CA5FD2971892}"
	ProjectSection(SolutionItems) = preProject
		.editorconfig = .editorconfig
	EndProjectSection
EndProject
Project("{FAE04EC0-301F-11D3-BF4B-00C04F79EFBC}") = "Test.Payroll", "Test.Payroll\Test.Payroll.csproj", "{7B967AB0-AA1C-4F2E-B27B-D0C72BBA2515}"
EndProject
Global
	GlobalSection(SolutionConfigurationPlatforms) = preSolution
		Debug|Any CPU = Debug|Any CPU
		Release|Any CPU = Release|Any CPU
	EndGlobalSection
	GlobalSection(ProjectConfigurationPlatforms) = postSolution
		{007C1A44-5195-4486-897C-36864EE23A36}.Debug|Any CPU.ActiveCfg = Debug|Any CPU
		{007C1A44-5195-4486-897C-36864EE23A36}.Debug|Any CPU.Build.0 = Debug|Any CPU
		{007C1A44-5195-4486-897C-36864EE23A36}.Release|Any CPU.ActiveCfg = Release|Any CPU
		{007C1A44-5195-4486-897C-36864EE23A36}.Release|Any CPU.Build.0 = Release|Any CPU
		{F4042251-A53E-459E-BFD2-F5D7B7F92D79}.Debug|Any CPU.ActiveCfg = Debug|Any CPU
		{F4042251-A53E-459E-BFD2-F5D7B7F92D79}.Debug|Any CPU.Build.0 = Debug|Any CPU
		{F4042251-A53E-459E-BFD2-F5D7B7F92D79}.Release|Any CPU.ActiveCfg = Release|Any CPU
		{F4042251-A53E-459E-BFD2-F5D7B7F92D79}.Release|Any CPU.Build.0 = Release|Any CPU
		{DCFE5685-62DA-4370-91BD-FE072091988E}.Debug|Any CPU.ActiveCfg = Debug|Any CPU
		{DCFE5685-62DA-4370-91BD-FE072091988E}.Debug|Any CPU.Build.0 = Debug|Any CPU
		{DCFE5685-62DA-4370-91BD-FE072091988E}.Release|Any CPU.ActiveCfg = Release|Any CPU
		{DCFE5685-62DA-4370-91BD-FE072091988E}.Release|Any CPU.Build.0 = Release|Any CPU
		{E80906D9-173D-4F6E-AE08-EE832649BDF6}.Debug|Any CPU.ActiveCfg = Debug|Any CPU
		{E80906D9-173D-4F6E-AE08-EE832649BDF6}.Debug|Any CPU.Build.0 = Debug|Any CPU
		{E80906D9-173D-4F6E-AE08-EE832649BDF6}.Release|Any CPU.ActiveCfg = Release|Any CPU
		{E80906D9-173D-4F6E-AE08-EE832649BDF6}.Release|Any CPU.Build.0 = Release|Any CPU
		{568ADC95-0424-46D2-A270-245F02873C63}.Debug|Any CPU.ActiveCfg = Debug|Any CPU
		{568ADC95-0424-46D2-A270-245F02873C63}.Debug|Any CPU.Build.0 = Debug|Any CPU
		{568ADC95-0424-46D2-A270-245F02873C63}.Release|Any CPU.ActiveCfg = Release|Any CPU
		{568ADC95-0424-46D2-A270-245F02873C63}.Release|Any CPU.Build.0 = Release|Any CPU
		{D16B465A-483D-4898-9378-CD8442A11D9F}.Debug|Any CPU.ActiveCfg = Debug|Any CPU
		{D16B465A-483D-4898-9378-CD8442A11D9F}.Debug|Any CPU.Build.0 = Debug|Any CPU
		{D16B465A-483D-4898-9378-CD8442A11D9F}.Release|Any CPU.ActiveCfg = Release|Any CPU
		{D16B465A-483D-4898-9378-CD8442A11D9F}.Release|Any CPU.Build.0 = Release|Any CPU
		{2D67923F-2FCA-489F-8D09-11D42837DC31}.Debug|Any CPU.ActiveCfg = Debug|Any CPU
		{2D67923F-2FCA-489F-8D09-11D42837DC31}.Debug|Any CPU.Build.0 = Debug|Any CPU
		{2D67923F-2FCA-489F-8D09-11D42837DC31}.Release|Any CPU.ActiveCfg = Release|Any CPU
		{2D67923F-2FCA-489F-8D09-11D42837DC31}.Release|Any CPU.Build.0 = Release|Any CPU
		{7B967AB0-AA1C-4F2E-B27B-D0C72BBA2515}.Debug|Any CPU.ActiveCfg = Debug|Any CPU
		{7B967AB0-AA1C-4F2E-B27B-D0C72BBA2515}.Debug|Any CPU.Build.0 = Debug|Any CPU
		{7B967AB0-AA1C-4F2E-B27B-D0C72BBA2515}.Release|Any CPU.ActiveCfg = Release|Any CPU
		{7B967AB0-AA1C-4F2E-B27B-D0C72BBA2515}.Release|Any CPU.Build.0 = Release|Any CPU
	EndGlobalSection
	GlobalSection(SolutionProperties) = preSolution
		HideSolutionNode = FALSE
	EndGlobalSection
	GlobalSection(ExtensibilityGlobals) = postSolution
		SolutionGuid = {A17C597E-AD05-40C6-86C2-C0D8FFBD6552}
	EndGlobalSection
EndGlobal
